// !$*UTF8*$!
{
	archiveVersion = 1;
	classes = {
	};
	objectVersion = 46;
	objects = {

/* Begin PBXBuildFile section */
		0353960C1812DBEF00CFCACC /* EXQCanvas.m in Sources */ = {isa = PBXBuildFile; fileRef = 0353960B1812DBEF00CFCACC /* EXQCanvas.m */; };
		0353960F1812DC5E00CFCACC /* EXQDrawingState.m in Sources */ = {isa = PBXBuildFile; fileRef = 0353960E1812DC5E00CFCACC /* EXQDrawingState.m */; };
		035396161813324200CFCACC /* EXQGameState.m in Sources */ = {isa = PBXBuildFile; fileRef = 035396151813324200CFCACC /* EXQGameState.m */; };
		0A865DF5B8B346B392BBFCCB /* libPods.a in Frameworks */ = {isa = PBXBuildFile; fileRef = A5F1184049DE482EB74C7792 /* libPods.a */; };
		6356FB961812D7FA003AFDB3 /* Foundation.framework in Frameworks */ = {isa = PBXBuildFile; fileRef = 6356FB951812D7FA003AFDB3 /* Foundation.framework */; };
		6356FB981812D7FA003AFDB3 /* CoreGraphics.framework in Frameworks */ = {isa = PBXBuildFile; fileRef = 6356FB971812D7FA003AFDB3 /* CoreGraphics.framework */; };
		6356FB9A1812D7FA003AFDB3 /* UIKit.framework in Frameworks */ = {isa = PBXBuildFile; fileRef = 6356FB991812D7FA003AFDB3 /* UIKit.framework */; };
		6356FB9C1812D7FA003AFDB3 /* SpriteKit.framework in Frameworks */ = {isa = PBXBuildFile; fileRef = 6356FB9B1812D7FA003AFDB3 /* SpriteKit.framework */; };
		6356FBA21812D7FA003AFDB3 /* InfoPlist.strings in Resources */ = {isa = PBXBuildFile; fileRef = 6356FBA01812D7FA003AFDB3 /* InfoPlist.strings */; };
		6356FBA41812D7FA003AFDB3 /* main.m in Sources */ = {isa = PBXBuildFile; fileRef = 6356FBA31812D7FA003AFDB3 /* main.m */; };
		6356FBA81812D7FA003AFDB3 /* EXQAppDelegate.m in Sources */ = {isa = PBXBuildFile; fileRef = 6356FBA71812D7FA003AFDB3 /* EXQAppDelegate.m */; };
		6356FBAB1812D7FA003AFDB3 /* Main_iPhone.storyboard in Resources */ = {isa = PBXBuildFile; fileRef = 6356FBA91812D7FA003AFDB3 /* Main_iPhone.storyboard */; };
		6356FBAE1812D7FA003AFDB3 /* Main_iPad.storyboard in Resources */ = {isa = PBXBuildFile; fileRef = 6356FBAC1812D7FA003AFDB3 /* Main_iPad.storyboard */; };
		6356FBB11812D7FA003AFDB3 /* EXQViewController.m in Sources */ = {isa = PBXBuildFile; fileRef = 6356FBB01812D7FA003AFDB3 /* EXQViewController.m */; };
		6356FBB41812D7FA003AFDB3 /* EXQMyScene.m in Sources */ = {isa = PBXBuildFile; fileRef = 6356FBB31812D7FA003AFDB3 /* EXQMyScene.m */; };
		6356FBB81812D7FA003AFDB3 /* Images.xcassets in Resources */ = {isa = PBXBuildFile; fileRef = 6356FBB71812D7FA003AFDB3 /* Images.xcassets */; };
		6356FBBF1812D7FA003AFDB3 /* XCTest.framework in Frameworks */ = {isa = PBXBuildFile; fileRef = 6356FBBE1812D7FA003AFDB3 /* XCTest.framework */; };
		6356FBC01812D7FA003AFDB3 /* Foundation.framework in Frameworks */ = {isa = PBXBuildFile; fileRef = 6356FB951812D7FA003AFDB3 /* Foundation.framework */; };
		6356FBC11812D7FA003AFDB3 /* UIKit.framework in Frameworks */ = {isa = PBXBuildFile; fileRef = 6356FB991812D7FA003AFDB3 /* UIKit.framework */; };
		6356FBC91812D7FA003AFDB3 /* InfoPlist.strings in Resources */ = {isa = PBXBuildFile; fileRef = 6356FBC71812D7FA003AFDB3 /* InfoPlist.strings */; };
		6356FBCB1812D7FA003AFDB3 /* exquisitecorposeTests.m in Sources */ = {isa = PBXBuildFile; fileRef = 6356FBCA1812D7FA003AFDB3 /* exquisitecorposeTests.m */; };
		6356FBD61812E1B5003AFDB3 /* EXQBaseViewController.m in Sources */ = {isa = PBXBuildFile; fileRef = 6356FBD51812E1B5003AFDB3 /* EXQBaseViewController.m */; };
		6356FBDD1812E2DE003AFDB3 /* EXQMainGameViewController.m in Sources */ = {isa = PBXBuildFile; fileRef = 6356FBDC1812E2DE003AFDB3 /* EXQMainGameViewController.m */; };
		6356FBE01812F427003AFDB3 /* EXQSketchView.m in Sources */ = {isa = PBXBuildFile; fileRef = 6356FBDF1812F427003AFDB3 /* EXQSketchView.m */; };
		6356FBE31812F469003AFDB3 /* EXQSketchViewController.m in Sources */ = {isa = PBXBuildFile; fileRef = 6356FBE21812F469003AFDB3 /* EXQSketchViewController.m */; };
		6356FBE71812F968003AFDB3 /* RearViewController.m in Sources */ = {isa = PBXBuildFile; fileRef = 6356FBE51812F968003AFDB3 /* RearViewController.m */; };
		6356FBE81812F968003AFDB3 /* RearViewController.xib in Resources */ = {isa = PBXBuildFile; fileRef = 6356FBE61812F968003AFDB3 /* RearViewController.xib */; };
		6356FBF01813005A003AFDB3 /* EXQGameCollectionViewController.m in Sources */ = {isa = PBXBuildFile; fileRef = 6356FBEF1813005A003AFDB3 /* EXQGameCollectionViewController.m */; };
		6356FC04181300B3003AFDB3 /* photo-frame.png in Resources */ = {isa = PBXBuildFile; fileRef = 6356FBF3181300B3003AFDB3 /* photo-frame.png */; };
		6356FC1B181305B5003AFDB3 /* UIView+Utilities.m in Sources */ = {isa = PBXBuildFile; fileRef = 6356FC18181305B5003AFDB3 /* UIView+Utilities.m */; };
		6356FC1C181305B5003AFDB3 /* UIImage+Helpers.m in Sources */ = {isa = PBXBuildFile; fileRef = 6356FC1A181305B5003AFDB3 /* UIImage+Helpers.m */; };
		6356FC3318130A03003AFDB3 /* download.jpeg in Resources */ = {isa = PBXBuildFile; fileRef = 6356FC1D18130A03003AFDB3 /* download.jpeg */; };
		6356FC3418130A03003AFDB3 /* download1.jpeg in Resources */ = {isa = PBXBuildFile; fileRef = 6356FC1E18130A03003AFDB3 /* download1.jpeg */; };
		6356FC3518130A03003AFDB3 /* download3.jpeg in Resources */ = {isa = PBXBuildFile; fileRef = 6356FC1F18130A03003AFDB3 /* download3.jpeg */; };
		6356FC3618130A03003AFDB3 /* download4.jpeg in Resources */ = {isa = PBXBuildFile; fileRef = 6356FC2018130A03003AFDB3 /* download4.jpeg */; };
		6356FC3718130A03003AFDB3 /* download5.jpeg in Resources */ = {isa = PBXBuildFile; fileRef = 6356FC2118130A03003AFDB3 /* download5.jpeg */; };
		6356FC3818130A03003AFDB3 /* download6.jpeg in Resources */ = {isa = PBXBuildFile; fileRef = 6356FC2218130A03003AFDB3 /* download6.jpeg */; };
		6356FC3918130A03003AFDB3 /* images.jpeg in Resources */ = {isa = PBXBuildFile; fileRef = 6356FC2318130A03003AFDB3 /* images.jpeg */; };
		6356FC3A18130A03003AFDB3 /* images1.jpeg in Resources */ = {isa = PBXBuildFile; fileRef = 6356FC2418130A03003AFDB3 /* images1.jpeg */; };
		6356FC3B18130A03003AFDB3 /* images2.jpeg in Resources */ = {isa = PBXBuildFile; fileRef = 6356FC2518130A03003AFDB3 /* images2.jpeg */; };
		6356FC3C18130A03003AFDB3 /* images3.jpeg in Resources */ = {isa = PBXBuildFile; fileRef = 6356FC2618130A03003AFDB3 /* images3.jpeg */; };
		6356FC3D18130A03003AFDB3 /* images4.jpeg in Resources */ = {isa = PBXBuildFile; fileRef = 6356FC2718130A03003AFDB3 /* images4.jpeg */; };
		6356FC3E18130A03003AFDB3 /* images5.jpeg in Resources */ = {isa = PBXBuildFile; fileRef = 6356FC2818130A03003AFDB3 /* images5.jpeg */; };
		6356FC3F18130A03003AFDB3 /* images6.jpeg in Resources */ = {isa = PBXBuildFile; fileRef = 6356FC2918130A03003AFDB3 /* images6.jpeg */; };
		6356FC4018130A03003AFDB3 /* images7.jpeg in Resources */ = {isa = PBXBuildFile; fileRef = 6356FC2A18130A03003AFDB3 /* images7.jpeg */; };
		6356FC4118130A03003AFDB3 /* images8.jpeg in Resources */ = {isa = PBXBuildFile; fileRef = 6356FC2B18130A03003AFDB3 /* images8.jpeg */; };
		6356FC4218130A03003AFDB3 /* images9.jpeg in Resources */ = {isa = PBXBuildFile; fileRef = 6356FC2C18130A03003AFDB3 /* images9.jpeg */; };
		6356FC4318130A03003AFDB3 /* images11.jpeg in Resources */ = {isa = PBXBuildFile; fileRef = 6356FC2D18130A03003AFDB3 /* images11.jpeg */; };
		6356FC4418130A03003AFDB3 /* images12.jpeg in Resources */ = {isa = PBXBuildFile; fileRef = 6356FC2E18130A03003AFDB3 /* images12.jpeg */; };
		6356FC4518130A03003AFDB3 /* images13.jpeg in Resources */ = {isa = PBXBuildFile; fileRef = 6356FC2F18130A03003AFDB3 /* images13.jpeg */; };
		6356FC4618130A03003AFDB3 /* images14.jpeg in Resources */ = {isa = PBXBuildFile; fileRef = 6356FC3018130A03003AFDB3 /* images14.jpeg */; };
		6356FC4718130A03003AFDB3 /* download2.jpeg in Resources */ = {isa = PBXBuildFile; fileRef = 6356FC3118130A03003AFDB3 /* download2.jpeg */; };
		6356FC4818130A03003AFDB3 /* images10.jpeg in Resources */ = {isa = PBXBuildFile; fileRef = 6356FC3218130A03003AFDB3 /* images10.jpeg */; };
		6356FC4B18132232003AFDB3 /* EXQMainCollectionViewController.m in Sources */ = {isa = PBXBuildFile; fileRef = 6356FC4A18132232003AFDB3 /* EXQMainCollectionViewController.m */; };
		6356FC4E1813285E003AFDB3 /* EXQNewGameViewController.m in Sources */ = {isa = PBXBuildFile; fileRef = 6356FC4D1813285E003AFDB3 /* EXQNewGameViewController.m */; };
		6356FC5118132971003AFDB3 /* EXQShareViewController.m in Sources */ = {isa = PBXBuildFile; fileRef = 6356FC5018132971003AFDB3 /* EXQShareViewController.m */; };
		6356FC53181339EE003AFDB3 /* GameKit.framework in Frameworks */ = {isa = PBXBuildFile; fileRef = 6356FC52181339EE003AFDB3 /* GameKit.framework */; };
		6356FC561813444E003AFDB3 /* EXQTurnBasedMatchHelper.m in Sources */ = {isa = PBXBuildFile; fileRef = 6356FC551813444E003AFDB3 /* EXQTurnBasedMatchHelper.m */; };
		63DA228E1813580D00FD6BB0 /* EXQFriendsViewController.m in Sources */ = {isa = PBXBuildFile; fileRef = 63DA228D1813580D00FD6BB0 /* EXQFriendsViewController.m */; };
		63DA22921813736000FD6BB0 /* EXQCollectionHeaderView.m in Sources */ = {isa = PBXBuildFile; fileRef = 63DA22911813736000FD6BB0 /* EXQCollectionHeaderView.m */; };
		63DA229518137EC300FD6BB0 /* EXQConf.m in Sources */ = {isa = PBXBuildFile; fileRef = 63DA229418137EC300FD6BB0 /* EXQConf.m */; };
		63FE3C7D181386DB00C324EA /* active.png in Resources */ = {isa = PBXBuildFile; fileRef = 63FE3C6F181386DB00C324EA /* active.png */; };
		63FE3C7E181386DB00C324EA /* active@2x.png in Resources */ = {isa = PBXBuildFile; fileRef = 63FE3C70181386DB00C324EA /* active@2x.png */; };
		63FE3C7F181386DB00C324EA /* done_icon.png in Resources */ = {isa = PBXBuildFile; fileRef = 63FE3C71181386DB00C324EA /* done_icon.png */; };
		63FE3C80181386DB00C324EA /* done_icon@2x.png in Resources */ = {isa = PBXBuildFile; fileRef = 63FE3C72181386DB00C324EA /* done_icon@2x.png */; };
		63FE3C81181386DB00C324EA /* draw_icon.png in Resources */ = {isa = PBXBuildFile; fileRef = 63FE3C73181386DB00C324EA /* draw_icon.png */; };
		63FE3C82181386DB00C324EA /* draw_icon@2x.png in Resources */ = {isa = PBXBuildFile; fileRef = 63FE3C74181386DB00C324EA /* draw_icon@2x.png */; };
		63FE3C83181386DB00C324EA /* frankendraw__app_icon.png in Resources */ = {isa = PBXBuildFile; fileRef = 63FE3C75181386DB00C324EA /* frankendraw__app_icon.png */; };
		63FE3C84181386DB00C324EA /* frankendraw__app_icon@2x.png in Resources */ = {isa = PBXBuildFile; fileRef = 63FE3C76181386DB00C324EA /* frankendraw__app_icon@2x.png */; };
		63FE3C85181386DB00C324EA /* new.png in Resources */ = {isa = PBXBuildFile; fileRef = 63FE3C77181386DB00C324EA /* new.png */; };
		63FE3C86181386DB00C324EA /* new@2x.png in Resources */ = {isa = PBXBuildFile; fileRef = 63FE3C78181386DB00C324EA /* new@2x.png */; };
		63FE3C87181386DB00C324EA /* reveal.png in Resources */ = {isa = PBXBuildFile; fileRef = 63FE3C79181386DB00C324EA /* reveal.png */; };
		63FE3C88181386DB00C324EA /* reveal@2x.png in Resources */ = {isa = PBXBuildFile; fileRef = 63FE3C7A181386DB00C324EA /* reveal@2x.png */; };
		63FE3C89181386DB00C324EA /* undo_icon.png in Resources */ = {isa = PBXBuildFile; fileRef = 63FE3C7B181386DB00C324EA /* undo_icon.png */; };
		63FE3C8A181386DB00C324EA /* undo_icon@2x.png in Resources */ = {isa = PBXBuildFile; fileRef = 63FE3C7C181386DB00C324EA /* undo_icon@2x.png */; };
		63FE3C93181387EA00C324EA /* automatch.png in Resources */ = {isa = PBXBuildFile; fileRef = 63FE3C8B181387EA00C324EA /* automatch.png */; };
		63FE3C94181387EA00C324EA /* automatch@2x.png in Resources */ = {isa = PBXBuildFile; fileRef = 63FE3C8C181387EA00C324EA /* automatch@2x.png */; };
		63FE3C95181387EA00C324EA /* findmyfriends.png in Resources */ = {isa = PBXBuildFile; fileRef = 63FE3C8D181387EA00C324EA /* findmyfriends.png */; };
		63FE3C96181387EA00C324EA /* findmyfriends@2x.png in Resources */ = {isa = PBXBuildFile; fileRef = 63FE3C8E181387EA00C324EA /* findmyfriends@2x.png */; };
		63FE3C97181387EA00C324EA /* pass_play.png in Resources */ = {isa = PBXBuildFile; fileRef = 63FE3C8F181387EA00C324EA /* pass_play.png */; };
		63FE3C98181387EA00C324EA /* pass_play@2x.png in Resources */ = {isa = PBXBuildFile; fileRef = 63FE3C90181387EA00C324EA /* pass_play@2x.png */; };
		63FE3C99181387EA00C324EA /* Frankendraw_template@2x.png in Resources */ = {isa = PBXBuildFile; fileRef = 63FE3C91181387EA00C324EA /* Frankendraw_template@2x.png */; };
		63FE3C9A181387EA00C324EA /* Frankendraw_template.png in Resources */ = {isa = PBXBuildFile; fileRef = 63FE3C92181387EA00C324EA /* Frankendraw_template.png */; };
/* End PBXBuildFile section */

/* Begin PBXContainerItemProxy section */
		6356FBC21812D7FA003AFDB3 /* PBXContainerItemProxy */ = {
			isa = PBXContainerItemProxy;
			containerPortal = 6356FB8A1812D7FA003AFDB3 /* Project object */;
			proxyType = 1;
			remoteGlobalIDString = 6356FB911812D7FA003AFDB3;
			remoteInfo = exquisitecorpose;
		};
/* End PBXContainerItemProxy section */

/* Begin PBXFileReference section */
		0353960A1812DBEF00CFCACC /* EXQCanvas.h */ = {isa = PBXFileReference; fileEncoding = 4; lastKnownFileType = sourcecode.c.h; path = EXQCanvas.h; sourceTree = "<group>"; };
		0353960B1812DBEF00CFCACC /* EXQCanvas.m */ = {isa = PBXFileReference; fileEncoding = 4; lastKnownFileType = sourcecode.c.objc; path = EXQCanvas.m; sourceTree = "<group>"; };
		0353960D1812DC5E00CFCACC /* EXQDrawingState.h */ = {isa = PBXFileReference; fileEncoding = 4; lastKnownFileType = sourcecode.c.h; path = EXQDrawingState.h; sourceTree = "<group>"; };
		0353960E1812DC5E00CFCACC /* EXQDrawingState.m */ = {isa = PBXFileReference; fileEncoding = 4; lastKnownFileType = sourcecode.c.objc; path = EXQDrawingState.m; sourceTree = "<group>"; };
		035396101812DCB400CFCACC /* CommonHeaders.h */ = {isa = PBXFileReference; lastKnownFileType = sourcecode.c.h; path = CommonHeaders.h; sourceTree = "<group>"; };
		035396141813324200CFCACC /* EXQGameState.h */ = {isa = PBXFileReference; fileEncoding = 4; lastKnownFileType = sourcecode.c.h; path = EXQGameState.h; sourceTree = "<group>"; };
		035396151813324200CFCACC /* EXQGameState.m */ = {isa = PBXFileReference; fileEncoding = 4; lastKnownFileType = sourcecode.c.objc; path = EXQGameState.m; sourceTree = "<group>"; };
		4DF7EE3C56BF47EBAE4D2E5A /* Pods.xcconfig */ = {isa = PBXFileReference; includeInIndex = 1; lastKnownFileType = text.xcconfig; name = Pods.xcconfig; path = Pods/Pods.xcconfig; sourceTree = "<group>"; };
		6356FB921812D7FA003AFDB3 /* exquisitecorpose.app */ = {isa = PBXFileReference; explicitFileType = wrapper.application; includeInIndex = 0; path = exquisitecorpose.app; sourceTree = BUILT_PRODUCTS_DIR; };
		6356FB951812D7FA003AFDB3 /* Foundation.framework */ = {isa = PBXFileReference; lastKnownFileType = wrapper.framework; name = Foundation.framework; path = System/Library/Frameworks/Foundation.framework; sourceTree = SDKROOT; };
		6356FB971812D7FA003AFDB3 /* CoreGraphics.framework */ = {isa = PBXFileReference; lastKnownFileType = wrapper.framework; name = CoreGraphics.framework; path = System/Library/Frameworks/CoreGraphics.framework; sourceTree = SDKROOT; };
		6356FB991812D7FA003AFDB3 /* UIKit.framework */ = {isa = PBXFileReference; lastKnownFileType = wrapper.framework; name = UIKit.framework; path = System/Library/Frameworks/UIKit.framework; sourceTree = SDKROOT; };
		6356FB9B1812D7FA003AFDB3 /* SpriteKit.framework */ = {isa = PBXFileReference; lastKnownFileType = wrapper.framework; name = SpriteKit.framework; path = System/Library/Frameworks/SpriteKit.framework; sourceTree = SDKROOT; };
		6356FB9F1812D7FA003AFDB3 /* exquisitecorpose-Info.plist */ = {isa = PBXFileReference; lastKnownFileType = text.plist.xml; path = "exquisitecorpose-Info.plist"; sourceTree = "<group>"; };
		6356FBA11812D7FA003AFDB3 /* en */ = {isa = PBXFileReference; lastKnownFileType = text.plist.strings; name = en; path = en.lproj/InfoPlist.strings; sourceTree = "<group>"; };
		6356FBA31812D7FA003AFDB3 /* main.m */ = {isa = PBXFileReference; lastKnownFileType = sourcecode.c.objc; path = main.m; sourceTree = "<group>"; };
		6356FBA51812D7FA003AFDB3 /* exquisitecorpose-Prefix.pch */ = {isa = PBXFileReference; lastKnownFileType = sourcecode.c.h; path = "exquisitecorpose-Prefix.pch"; sourceTree = "<group>"; };
		6356FBA61812D7FA003AFDB3 /* EXQAppDelegate.h */ = {isa = PBXFileReference; lastKnownFileType = sourcecode.c.h; path = EXQAppDelegate.h; sourceTree = "<group>"; };
		6356FBA71812D7FA003AFDB3 /* EXQAppDelegate.m */ = {isa = PBXFileReference; lastKnownFileType = sourcecode.c.objc; path = EXQAppDelegate.m; sourceTree = "<group>"; };
		6356FBAA1812D7FA003AFDB3 /* Base */ = {isa = PBXFileReference; lastKnownFileType = file.storyboard; name = Base; path = Base.lproj/Main_iPhone.storyboard; sourceTree = "<group>"; };
		6356FBAD1812D7FA003AFDB3 /* Base */ = {isa = PBXFileReference; lastKnownFileType = file.storyboard; name = Base; path = Base.lproj/Main_iPad.storyboard; sourceTree = "<group>"; };
		6356FBAF1812D7FA003AFDB3 /* EXQViewController.h */ = {isa = PBXFileReference; lastKnownFileType = sourcecode.c.h; path = EXQViewController.h; sourceTree = "<group>"; };
		6356FBB01812D7FA003AFDB3 /* EXQViewController.m */ = {isa = PBXFileReference; lastKnownFileType = sourcecode.c.objc; path = EXQViewController.m; sourceTree = "<group>"; };
		6356FBB21812D7FA003AFDB3 /* EXQMyScene.h */ = {isa = PBXFileReference; lastKnownFileType = sourcecode.c.h; path = EXQMyScene.h; sourceTree = "<group>"; };
		6356FBB31812D7FA003AFDB3 /* EXQMyScene.m */ = {isa = PBXFileReference; lastKnownFileType = sourcecode.c.objc; path = EXQMyScene.m; sourceTree = "<group>"; };
		6356FBB71812D7FA003AFDB3 /* Images.xcassets */ = {isa = PBXFileReference; lastKnownFileType = folder.assetcatalog; path = Images.xcassets; sourceTree = "<group>"; };
		6356FBBD1812D7FA003AFDB3 /* exquisitecorposeTests.xctest */ = {isa = PBXFileReference; explicitFileType = wrapper.cfbundle; includeInIndex = 0; path = exquisitecorposeTests.xctest; sourceTree = BUILT_PRODUCTS_DIR; };
		6356FBBE1812D7FA003AFDB3 /* XCTest.framework */ = {isa = PBXFileReference; lastKnownFileType = wrapper.framework; name = XCTest.framework; path = Library/Frameworks/XCTest.framework; sourceTree = DEVELOPER_DIR; };
		6356FBC61812D7FA003AFDB3 /* exquisitecorposeTests-Info.plist */ = {isa = PBXFileReference; lastKnownFileType = text.plist.xml; path = "exquisitecorposeTests-Info.plist"; sourceTree = "<group>"; };
		6356FBC81812D7FA003AFDB3 /* en */ = {isa = PBXFileReference; lastKnownFileType = text.plist.strings; name = en; path = en.lproj/InfoPlist.strings; sourceTree = "<group>"; };
		6356FBCA1812D7FA003AFDB3 /* exquisitecorposeTests.m */ = {isa = PBXFileReference; lastKnownFileType = sourcecode.c.objc; path = exquisitecorposeTests.m; sourceTree = "<group>"; };
		6356FBD41812E1B5003AFDB3 /* EXQBaseViewController.h */ = {isa = PBXFileReference; fileEncoding = 4; lastKnownFileType = sourcecode.c.h; path = EXQBaseViewController.h; sourceTree = "<group>"; };
		6356FBD51812E1B5003AFDB3 /* EXQBaseViewController.m */ = {isa = PBXFileReference; fileEncoding = 4; lastKnownFileType = sourcecode.c.objc; path = EXQBaseViewController.m; sourceTree = "<group>"; };
		6356FBDB1812E2DE003AFDB3 /* EXQMainGameViewController.h */ = {isa = PBXFileReference; fileEncoding = 4; lastKnownFileType = sourcecode.c.h; path = EXQMainGameViewController.h; sourceTree = "<group>"; };
		6356FBDC1812E2DE003AFDB3 /* EXQMainGameViewController.m */ = {isa = PBXFileReference; fileEncoding = 4; lastKnownFileType = sourcecode.c.objc; path = EXQMainGameViewController.m; sourceTree = "<group>"; };
		6356FBDE1812F427003AFDB3 /* EXQSketchView.h */ = {isa = PBXFileReference; fileEncoding = 4; lastKnownFileType = sourcecode.c.h; path = EXQSketchView.h; sourceTree = "<group>"; };
		6356FBDF1812F427003AFDB3 /* EXQSketchView.m */ = {isa = PBXFileReference; fileEncoding = 4; lastKnownFileType = sourcecode.c.objc; path = EXQSketchView.m; sourceTree = "<group>"; };
		6356FBE11812F469003AFDB3 /* EXQSketchViewController.h */ = {isa = PBXFileReference; fileEncoding = 4; lastKnownFileType = sourcecode.c.h; path = EXQSketchViewController.h; sourceTree = "<group>"; };
		6356FBE21812F469003AFDB3 /* EXQSketchViewController.m */ = {isa = PBXFileReference; fileEncoding = 4; lastKnownFileType = sourcecode.c.objc; path = EXQSketchViewController.m; sourceTree = "<group>"; };
		6356FBE41812F968003AFDB3 /* RearViewController.h */ = {isa = PBXFileReference; fileEncoding = 4; lastKnownFileType = sourcecode.c.h; path = RearViewController.h; sourceTree = "<group>"; };
		6356FBE51812F968003AFDB3 /* RearViewController.m */ = {isa = PBXFileReference; fileEncoding = 4; lastKnownFileType = sourcecode.c.objc; path = RearViewController.m; sourceTree = "<group>"; };
		6356FBE61812F968003AFDB3 /* RearViewController.xib */ = {isa = PBXFileReference; fileEncoding = 4; lastKnownFileType = file.xib; path = RearViewController.xib; sourceTree = "<group>"; };
		6356FBEE1813005A003AFDB3 /* EXQGameCollectionViewController.h */ = {isa = PBXFileReference; fileEncoding = 4; lastKnownFileType = sourcecode.c.h; path = EXQGameCollectionViewController.h; sourceTree = "<group>"; };
		6356FBEF1813005A003AFDB3 /* EXQGameCollectionViewController.m */ = {isa = PBXFileReference; fileEncoding = 4; lastKnownFileType = sourcecode.c.objc; path = EXQGameCollectionViewController.m; sourceTree = "<group>"; };
		6356FBF3181300B3003AFDB3 /* photo-frame.png */ = {isa = PBXFileReference; lastKnownFileType = image.png; path = "photo-frame.png"; sourceTree = "<group>"; };
		6356FC17181305B5003AFDB3 /* UIView+Utilities.h */ = {isa = PBXFileReference; fileEncoding = 4; lastKnownFileType = sourcecode.c.h; path = "UIView+Utilities.h"; sourceTree = "<group>"; };
		6356FC18181305B5003AFDB3 /* UIView+Utilities.m */ = {isa = PBXFileReference; fileEncoding = 4; lastKnownFileType = sourcecode.c.objc; path = "UIView+Utilities.m"; sourceTree = "<group>"; };
		6356FC19181305B5003AFDB3 /* UIImage+Helpers.h */ = {isa = PBXFileReference; fileEncoding = 4; lastKnownFileType = sourcecode.c.h; path = "UIImage+Helpers.h"; sourceTree = "<group>"; };
		6356FC1A181305B5003AFDB3 /* UIImage+Helpers.m */ = {isa = PBXFileReference; fileEncoding = 4; lastKnownFileType = sourcecode.c.objc; path = "UIImage+Helpers.m"; sourceTree = "<group>"; };
		6356FC1D18130A03003AFDB3 /* download.jpeg */ = {isa = PBXFileReference; lastKnownFileType = image.jpeg; path = download.jpeg; sourceTree = "<group>"; };
		6356FC1E18130A03003AFDB3 /* download1.jpeg */ = {isa = PBXFileReference; lastKnownFileType = image.jpeg; path = download1.jpeg; sourceTree = "<group>"; };
		6356FC1F18130A03003AFDB3 /* download3.jpeg */ = {isa = PBXFileReference; lastKnownFileType = image.jpeg; path = download3.jpeg; sourceTree = "<group>"; };
		6356FC2018130A03003AFDB3 /* download4.jpeg */ = {isa = PBXFileReference; lastKnownFileType = image.jpeg; path = download4.jpeg; sourceTree = "<group>"; };
		6356FC2118130A03003AFDB3 /* download5.jpeg */ = {isa = PBXFileReference; lastKnownFileType = image.jpeg; path = download5.jpeg; sourceTree = "<group>"; };
		6356FC2218130A03003AFDB3 /* download6.jpeg */ = {isa = PBXFileReference; lastKnownFileType = image.jpeg; path = download6.jpeg; sourceTree = "<group>"; };
		6356FC2318130A03003AFDB3 /* images.jpeg */ = {isa = PBXFileReference; lastKnownFileType = image.jpeg; path = images.jpeg; sourceTree = "<group>"; };
		6356FC2418130A03003AFDB3 /* images1.jpeg */ = {isa = PBXFileReference; lastKnownFileType = image.jpeg; path = images1.jpeg; sourceTree = "<group>"; };
		6356FC2518130A03003AFDB3 /* images2.jpeg */ = {isa = PBXFileReference; lastKnownFileType = image.jpeg; path = images2.jpeg; sourceTree = "<group>"; };
		6356FC2618130A03003AFDB3 /* images3.jpeg */ = {isa = PBXFileReference; lastKnownFileType = image.jpeg; path = images3.jpeg; sourceTree = "<group>"; };
		6356FC2718130A03003AFDB3 /* images4.jpeg */ = {isa = PBXFileReference; lastKnownFileType = image.jpeg; path = images4.jpeg; sourceTree = "<group>"; };
		6356FC2818130A03003AFDB3 /* images5.jpeg */ = {isa = PBXFileReference; lastKnownFileType = image.jpeg; path = images5.jpeg; sourceTree = "<group>"; };
		6356FC2918130A03003AFDB3 /* images6.jpeg */ = {isa = PBXFileReference; lastKnownFileType = image.jpeg; path = images6.jpeg; sourceTree = "<group>"; };
		6356FC2A18130A03003AFDB3 /* images7.jpeg */ = {isa = PBXFileReference; lastKnownFileType = image.jpeg; path = images7.jpeg; sourceTree = "<group>"; };
		6356FC2B18130A03003AFDB3 /* images8.jpeg */ = {isa = PBXFileReference; lastKnownFileType = image.jpeg; path = images8.jpeg; sourceTree = "<group>"; };
		6356FC2C18130A03003AFDB3 /* images9.jpeg */ = {isa = PBXFileReference; lastKnownFileType = image.jpeg; path = images9.jpeg; sourceTree = "<group>"; };
		6356FC2D18130A03003AFDB3 /* images11.jpeg */ = {isa = PBXFileReference; lastKnownFileType = image.jpeg; path = images11.jpeg; sourceTree = "<group>"; };
		6356FC2E18130A03003AFDB3 /* images12.jpeg */ = {isa = PBXFileReference; lastKnownFileType = image.jpeg; path = images12.jpeg; sourceTree = "<group>"; };
		6356FC2F18130A03003AFDB3 /* images13.jpeg */ = {isa = PBXFileReference; lastKnownFileType = image.jpeg; path = images13.jpeg; sourceTree = "<group>"; };
		6356FC3018130A03003AFDB3 /* images14.jpeg */ = {isa = PBXFileReference; lastKnownFileType = image.jpeg; path = images14.jpeg; sourceTree = "<group>"; };
		6356FC3118130A03003AFDB3 /* download2.jpeg */ = {isa = PBXFileReference; lastKnownFileType = image.jpeg; path = download2.jpeg; sourceTree = "<group>"; };
		6356FC3218130A03003AFDB3 /* images10.jpeg */ = {isa = PBXFileReference; lastKnownFileType = image.jpeg; path = images10.jpeg; sourceTree = "<group>"; };
		6356FC4918132232003AFDB3 /* EXQMainCollectionViewController.h */ = {isa = PBXFileReference; fileEncoding = 4; lastKnownFileType = sourcecode.c.h; path = EXQMainCollectionViewController.h; sourceTree = "<group>"; };
		6356FC4A18132232003AFDB3 /* EXQMainCollectionViewController.m */ = {isa = PBXFileReference; fileEncoding = 4; lastKnownFileType = sourcecode.c.objc; path = EXQMainCollectionViewController.m; sourceTree = "<group>"; };
		6356FC4C1813285E003AFDB3 /* EXQNewGameViewController.h */ = {isa = PBXFileReference; fileEncoding = 4; lastKnownFileType = sourcecode.c.h; path = EXQNewGameViewController.h; sourceTree = "<group>"; };
		6356FC4D1813285E003AFDB3 /* EXQNewGameViewController.m */ = {isa = PBXFileReference; fileEncoding = 4; lastKnownFileType = sourcecode.c.objc; path = EXQNewGameViewController.m; sourceTree = "<group>"; };
		6356FC4F18132971003AFDB3 /* EXQShareViewController.h */ = {isa = PBXFileReference; fileEncoding = 4; lastKnownFileType = sourcecode.c.h; path = EXQShareViewController.h; sourceTree = "<group>"; };
		6356FC5018132971003AFDB3 /* EXQShareViewController.m */ = {isa = PBXFileReference; fileEncoding = 4; lastKnownFileType = sourcecode.c.objc; path = EXQShareViewController.m; sourceTree = "<group>"; };
		6356FC52181339EE003AFDB3 /* GameKit.framework */ = {isa = PBXFileReference; lastKnownFileType = wrapper.framework; name = GameKit.framework; path = System/Library/Frameworks/GameKit.framework; sourceTree = SDKROOT; };
		6356FC541813444E003AFDB3 /* EXQTurnBasedMatchHelper.h */ = {isa = PBXFileReference; fileEncoding = 4; lastKnownFileType = sourcecode.c.h; path = EXQTurnBasedMatchHelper.h; sourceTree = "<group>"; };
		6356FC551813444E003AFDB3 /* EXQTurnBasedMatchHelper.m */ = {isa = PBXFileReference; fileEncoding = 4; lastKnownFileType = sourcecode.c.objc; path = EXQTurnBasedMatchHelper.m; sourceTree = "<group>"; };
		63DA228C1813580D00FD6BB0 /* EXQFriendsViewController.h */ = {isa = PBXFileReference; fileEncoding = 4; lastKnownFileType = sourcecode.c.h; path = EXQFriendsViewController.h; sourceTree = "<group>"; };
		63DA228D1813580D00FD6BB0 /* EXQFriendsViewController.m */ = {isa = PBXFileReference; fileEncoding = 4; lastKnownFileType = sourcecode.c.objc; path = EXQFriendsViewController.m; sourceTree = "<group>"; };
		63DA22901813736000FD6BB0 /* EXQCollectionHeaderView.h */ = {isa = PBXFileReference; fileEncoding = 4; lastKnownFileType = sourcecode.c.h; path = EXQCollectionHeaderView.h; sourceTree = "<group>"; };
		63DA22911813736000FD6BB0 /* EXQCollectionHeaderView.m */ = {isa = PBXFileReference; fileEncoding = 4; lastKnownFileType = sourcecode.c.objc; path = EXQCollectionHeaderView.m; sourceTree = "<group>"; };
		63DA229318137EC300FD6BB0 /* EXQConf.h */ = {isa = PBXFileReference; fileEncoding = 4; lastKnownFileType = sourcecode.c.h; path = EXQConf.h; sourceTree = "<group>"; };
		63DA229418137EC300FD6BB0 /* EXQConf.m */ = {isa = PBXFileReference; fileEncoding = 4; lastKnownFileType = sourcecode.c.objc; path = EXQConf.m; sourceTree = "<group>"; };
		63FE3C6F181386DB00C324EA /* active.png */ = {isa = PBXFileReference; lastKnownFileType = image.png; path = active.png; sourceTree = "<group>"; };
		63FE3C70181386DB00C324EA /* active@2x.png */ = {isa = PBXFileReference; lastKnownFileType = image.png; path = "active@2x.png"; sourceTree = "<group>"; };
		63FE3C71181386DB00C324EA /* done_icon.png */ = {isa = PBXFileReference; lastKnownFileType = image.png; path = done_icon.png; sourceTree = "<group>"; };
		63FE3C72181386DB00C324EA /* done_icon@2x.png */ = {isa = PBXFileReference; lastKnownFileType = image.png; path = "done_icon@2x.png"; sourceTree = "<group>"; };
		63FE3C73181386DB00C324EA /* draw_icon.png */ = {isa = PBXFileReference; lastKnownFileType = image.png; path = draw_icon.png; sourceTree = "<group>"; };
		63FE3C74181386DB00C324EA /* draw_icon@2x.png */ = {isa = PBXFileReference; lastKnownFileType = image.png; path = "draw_icon@2x.png"; sourceTree = "<group>"; };
		63FE3C75181386DB00C324EA /* frankendraw__app_icon.png */ = {isa = PBXFileReference; lastKnownFileType = image.png; path = frankendraw__app_icon.png; sourceTree = "<group>"; };
		63FE3C76181386DB00C324EA /* frankendraw__app_icon@2x.png */ = {isa = PBXFileReference; lastKnownFileType = image.png; path = "frankendraw__app_icon@2x.png"; sourceTree = "<group>"; };
		63FE3C77181386DB00C324EA /* new.png */ = {isa = PBXFileReference; lastKnownFileType = image.png; path = new.png; sourceTree = "<group>"; };
		63FE3C78181386DB00C324EA /* new@2x.png */ = {isa = PBXFileReference; lastKnownFileType = image.png; path = "new@2x.png"; sourceTree = "<group>"; };
		63FE3C79181386DB00C324EA /* reveal.png */ = {isa = PBXFileReference; lastKnownFileType = image.png; path = reveal.png; sourceTree = "<group>"; };
		63FE3C7A181386DB00C324EA /* reveal@2x.png */ = {isa = PBXFileReference; lastKnownFileType = image.png; path = "reveal@2x.png"; sourceTree = "<group>"; };
		63FE3C7B181386DB00C324EA /* undo_icon.png */ = {isa = PBXFileReference; lastKnownFileType = image.png; path = undo_icon.png; sourceTree = "<group>"; };
		63FE3C7C181386DB00C324EA /* undo_icon@2x.png */ = {isa = PBXFileReference; lastKnownFileType = image.png; path = "undo_icon@2x.png"; sourceTree = "<group>"; };
		63FE3C8B181387EA00C324EA /* automatch.png */ = {isa = PBXFileReference; lastKnownFileType = image.png; path = automatch.png; sourceTree = "<group>"; };
		63FE3C8C181387EA00C324EA /* automatch@2x.png */ = {isa = PBXFileReference; lastKnownFileType = image.png; path = "automatch@2x.png"; sourceTree = "<group>"; };
		63FE3C8D181387EA00C324EA /* findmyfriends.png */ = {isa = PBXFileReference; lastKnownFileType = image.png; path = findmyfriends.png; sourceTree = "<group>"; };
		63FE3C8E181387EA00C324EA /* findmyfriends@2x.png */ = {isa = PBXFileReference; lastKnownFileType = image.png; path = "findmyfriends@2x.png"; sourceTree = "<group>"; };
		63FE3C8F181387EA00C324EA /* pass_play.png */ = {isa = PBXFileReference; lastKnownFileType = image.png; path = pass_play.png; sourceTree = "<group>"; };
		63FE3C90181387EA00C324EA /* pass_play@2x.png */ = {isa = PBXFileReference; lastKnownFileType = image.png; path = "pass_play@2x.png"; sourceTree = "<group>"; };
		63FE3C91181387EA00C324EA /* Frankendraw_template@2x.png */ = {isa = PBXFileReference; lastKnownFileType = image.png; path = "Frankendraw_template@2x.png"; sourceTree = "<group>"; };
		63FE3C92181387EA00C324EA /* Frankendraw_template.png */ = {isa = PBXFileReference; lastKnownFileType = image.png; path = Frankendraw_template.png; sourceTree = "<group>"; };
		A5F1184049DE482EB74C7792 /* libPods.a */ = {isa = PBXFileReference; explicitFileType = archive.ar; includeInIndex = 0; path = libPods.a; sourceTree = BUILT_PRODUCTS_DIR; };
/* End PBXFileReference section */

/* Begin PBXFrameworksBuildPhase section */
		6356FB8F1812D7FA003AFDB3 /* Frameworks */ = {
			isa = PBXFrameworksBuildPhase;
			buildActionMask = 2147483647;
			files = (
				6356FC53181339EE003AFDB3 /* GameKit.framework in Frameworks */,
				6356FB981812D7FA003AFDB3 /* CoreGraphics.framework in Frameworks */,
				6356FB9A1812D7FA003AFDB3 /* UIKit.framework in Frameworks */,
				6356FB9C1812D7FA003AFDB3 /* SpriteKit.framework in Frameworks */,
				6356FB961812D7FA003AFDB3 /* Foundation.framework in Frameworks */,
				0A865DF5B8B346B392BBFCCB /* libPods.a in Frameworks */,
			);
			runOnlyForDeploymentPostprocessing = 0;
		};
		6356FBBA1812D7FA003AFDB3 /* Frameworks */ = {
			isa = PBXFrameworksBuildPhase;
			buildActionMask = 2147483647;
			files = (
				6356FBBF1812D7FA003AFDB3 /* XCTest.framework in Frameworks */,
				6356FBC11812D7FA003AFDB3 /* UIKit.framework in Frameworks */,
				6356FBC01812D7FA003AFDB3 /* Foundation.framework in Frameworks */,
			);
			runOnlyForDeploymentPostprocessing = 0;
		};
/* End PBXFrameworksBuildPhase section */

/* Begin PBXGroup section */
		035396091812DBD800CFCACC /* DrawingCanvas */ = {
			isa = PBXGroup;
			children = (
				6356FBDE1812F427003AFDB3 /* EXQSketchView.h */,
				6356FBDF1812F427003AFDB3 /* EXQSketchView.m */,
				0353960A1812DBEF00CFCACC /* EXQCanvas.h */,
				0353960B1812DBEF00CFCACC /* EXQCanvas.m */,
				0353960D1812DC5E00CFCACC /* EXQDrawingState.h */,
				0353960E1812DC5E00CFCACC /* EXQDrawingState.m */,
			);
			path = DrawingCanvas;
			sourceTree = "<group>";
		};
		6356FB891812D7FA003AFDB3 = {
			isa = PBXGroup;
			children = (
				6356FB9D1812D7FA003AFDB3 /* exquisitecorpose */,
				6356FBC41812D7FA003AFDB3 /* exquisitecorposeTests */,
				6356FB941812D7FA003AFDB3 /* Frameworks */,
				6356FB931812D7FA003AFDB3 /* Products */,
				4DF7EE3C56BF47EBAE4D2E5A /* Pods.xcconfig */,
			);
			sourceTree = "<group>";
		};
		6356FB931812D7FA003AFDB3 /* Products */ = {
			isa = PBXGroup;
			children = (
				6356FB921812D7FA003AFDB3 /* exquisitecorpose.app */,
				6356FBBD1812D7FA003AFDB3 /* exquisitecorposeTests.xctest */,
			);
			name = Products;
			sourceTree = "<group>";
		};
		6356FB941812D7FA003AFDB3 /* Frameworks */ = {
			isa = PBXGroup;
			children = (
				6356FC52181339EE003AFDB3 /* GameKit.framework */,
				6356FB951812D7FA003AFDB3 /* Foundation.framework */,
				6356FB971812D7FA003AFDB3 /* CoreGraphics.framework */,
				6356FB991812D7FA003AFDB3 /* UIKit.framework */,
				6356FB9B1812D7FA003AFDB3 /* SpriteKit.framework */,
				6356FBBE1812D7FA003AFDB3 /* XCTest.framework */,
				A5F1184049DE482EB74C7792 /* libPods.a */,
			);
			name = Frameworks;
			sourceTree = "<group>";
		};
		6356FB9D1812D7FA003AFDB3 /* exquisitecorpose */ = {
			isa = PBXGroup;
			children = (
				6356FC1618130596003AFDB3 /* Utils */,
				6356FBF11813009F003AFDB3 /* Resources */,
				6356FBD71812E1BC003AFDB3 /* View Controllers */,
				035396091812DBD800CFCACC /* DrawingCanvas */,
				6356FBA61812D7FA003AFDB3 /* EXQAppDelegate.h */,
				6356FBA71812D7FA003AFDB3 /* EXQAppDelegate.m */,
				6356FBA91812D7FA003AFDB3 /* Main_iPhone.storyboard */,
				6356FBAC1812D7FA003AFDB3 /* Main_iPad.storyboard */,
				6356FBAF1812D7FA003AFDB3 /* EXQViewController.h */,
				6356FBB01812D7FA003AFDB3 /* EXQViewController.m */,
				6356FBB21812D7FA003AFDB3 /* EXQMyScene.h */,
				6356FBB31812D7FA003AFDB3 /* EXQMyScene.m */,
				035396141813324200CFCACC /* EXQGameState.h */,
				035396151813324200CFCACC /* EXQGameState.m */,
				6356FBB71812D7FA003AFDB3 /* Images.xcassets */,
				6356FB9E1812D7FA003AFDB3 /* Supporting Files */,
			);
			path = exquisitecorpose;
			sourceTree = "<group>";
		};
		6356FB9E1812D7FA003AFDB3 /* Supporting Files */ = {
			isa = PBXGroup;
			children = (
				6356FB9F1812D7FA003AFDB3 /* exquisitecorpose-Info.plist */,
				6356FBA01812D7FA003AFDB3 /* InfoPlist.strings */,
				6356FBA31812D7FA003AFDB3 /* main.m */,
				6356FBA51812D7FA003AFDB3 /* exquisitecorpose-Prefix.pch */,
				035396101812DCB400CFCACC /* CommonHeaders.h */,
			);
			name = "Supporting Files";
			sourceTree = "<group>";
		};
		6356FBC41812D7FA003AFDB3 /* exquisitecorposeTests */ = {
			isa = PBXGroup;
			children = (
				6356FBCA1812D7FA003AFDB3 /* exquisitecorposeTests.m */,
				6356FBC51812D7FA003AFDB3 /* Supporting Files */,
			);
			path = exquisitecorposeTests;
			sourceTree = "<group>";
		};
		6356FBC51812D7FA003AFDB3 /* Supporting Files */ = {
			isa = PBXGroup;
			children = (
				6356FBC61812D7FA003AFDB3 /* exquisitecorposeTests-Info.plist */,
				6356FBC71812D7FA003AFDB3 /* InfoPlist.strings */,
			);
			name = "Supporting Files";
			sourceTree = "<group>";
		};
		6356FBD71812E1BC003AFDB3 /* View Controllers */ = {
			isa = PBXGroup;
			children = (
				63DA228F1813733900FD6BB0 /* Custom Views */,
				6356FC15181301A8003AFDB3 /* Reference/Dev */,
				6356FBD41812E1B5003AFDB3 /* EXQBaseViewController.h */,
				6356FBD51812E1B5003AFDB3 /* EXQBaseViewController.m */,
				6356FBDB1812E2DE003AFDB3 /* EXQMainGameViewController.h */,
				6356FBDC1812E2DE003AFDB3 /* EXQMainGameViewController.m */,
				6356FBE11812F469003AFDB3 /* EXQSketchViewController.h */,
				6356FBE21812F469003AFDB3 /* EXQSketchViewController.m */,
				6356FBEE1813005A003AFDB3 /* EXQGameCollectionViewController.h */,
				6356FBEF1813005A003AFDB3 /* EXQGameCollectionViewController.m */,
				6356FC4918132232003AFDB3 /* EXQMainCollectionViewController.h */,
				6356FC4A18132232003AFDB3 /* EXQMainCollectionViewController.m */,
				6356FC4C1813285E003AFDB3 /* EXQNewGameViewController.h */,
				6356FC4D1813285E003AFDB3 /* EXQNewGameViewController.m */,
				6356FC4F18132971003AFDB3 /* EXQShareViewController.h */,
				6356FC5018132971003AFDB3 /* EXQShareViewController.m */,
				63DA228C1813580D00FD6BB0 /* EXQFriendsViewController.h */,
				63DA228D1813580D00FD6BB0 /* EXQFriendsViewController.m */,
			);
			name = "View Controllers";
			sourceTree = "<group>";
		};
		6356FBF11813009F003AFDB3 /* Resources */ = {
			isa = PBXGroup;
			children = (
				63FE3C8B181387EA00C324EA /* automatch.png */,
				63FE3C8C181387EA00C324EA /* automatch@2x.png */,
				63FE3C8D181387EA00C324EA /* findmyfriends.png */,
				63FE3C8E181387EA00C324EA /* findmyfriends@2x.png */,
				63FE3C8F181387EA00C324EA /* pass_play.png */,
				63FE3C90181387EA00C324EA /* pass_play@2x.png */,
				63FE3C91181387EA00C324EA /* Frankendraw_template@2x.png */,
				63FE3C92181387EA00C324EA /* Frankendraw_template.png */,
				63FE3C6F181386DB00C324EA /* active.png */,
				63FE3C70181386DB00C324EA /* active@2x.png */,
				63FE3C71181386DB00C324EA /* done_icon.png */,
				63FE3C72181386DB00C324EA /* done_icon@2x.png */,
				63FE3C73181386DB00C324EA /* draw_icon.png */,
				63FE3C74181386DB00C324EA /* draw_icon@2x.png */,
				63FE3C75181386DB00C324EA /* frankendraw__app_icon.png */,
				63FE3C76181386DB00C324EA /* frankendraw__app_icon@2x.png */,
				63FE3C77181386DB00C324EA /* new.png */,
				63FE3C78181386DB00C324EA /* new@2x.png */,
				63FE3C79181386DB00C324EA /* reveal.png */,
				63FE3C7A181386DB00C324EA /* reveal@2x.png */,
				63FE3C7B181386DB00C324EA /* undo_icon.png */,
				63FE3C7C181386DB00C324EA /* undo_icon@2x.png */,
				6356FBF2181300A6003AFDB3 /* DevArt */,
			);
			name = Resources;
			sourceTree = "<group>";
		};
		6356FBF2181300A6003AFDB3 /* DevArt */ = {
			isa = PBXGroup;
			children = (
				6356FC1D18130A03003AFDB3 /* download.jpeg */,
				6356FC1E18130A03003AFDB3 /* download1.jpeg */,
				6356FC1F18130A03003AFDB3 /* download3.jpeg */,
				6356FC2018130A03003AFDB3 /* download4.jpeg */,
				6356FC2118130A03003AFDB3 /* download5.jpeg */,
				6356FC2218130A03003AFDB3 /* download6.jpeg */,
				6356FC2318130A03003AFDB3 /* images.jpeg */,
				6356FC2418130A03003AFDB3 /* images1.jpeg */,
				6356FC2518130A03003AFDB3 /* images2.jpeg */,
				6356FC2618130A03003AFDB3 /* images3.jpeg */,
				6356FC2718130A03003AFDB3 /* images4.jpeg */,
				6356FC2818130A03003AFDB3 /* images5.jpeg */,
				6356FC2918130A03003AFDB3 /* images6.jpeg */,
				6356FC2A18130A03003AFDB3 /* images7.jpeg */,
				6356FC2B18130A03003AFDB3 /* images8.jpeg */,
				6356FC2C18130A03003AFDB3 /* images9.jpeg */,
				6356FC2D18130A03003AFDB3 /* images11.jpeg */,
				6356FC2E18130A03003AFDB3 /* images12.jpeg */,
				6356FC2F18130A03003AFDB3 /* images13.jpeg */,
				6356FC3018130A03003AFDB3 /* images14.jpeg */,
				6356FC3118130A03003AFDB3 /* download2.jpeg */,
				6356FC3218130A03003AFDB3 /* images10.jpeg */,
				6356FBF3181300B3003AFDB3 /* photo-frame.png */,
			);
			name = DevArt;
			sourceTree = "<group>";
		};
		6356FC15181301A8003AFDB3 /* Reference/Dev */ = {
			isa = PBXGroup;
			children = (
				6356FBE41812F968003AFDB3 /* RearViewController.h */,
				6356FBE51812F968003AFDB3 /* RearViewController.m */,
				6356FBE61812F968003AFDB3 /* RearViewController.xib */,
			);
			name = Reference/Dev;
			sourceTree = "<group>";
		};
		6356FC1618130596003AFDB3 /* Utils */ = {
			isa = PBXGroup;
			children = (
				63DA229318137EC300FD6BB0 /* EXQConf.h */,
				63DA229418137EC300FD6BB0 /* EXQConf.m */,
				6356FC17181305B5003AFDB3 /* UIView+Utilities.h */,
				6356FC18181305B5003AFDB3 /* UIView+Utilities.m */,
				6356FC19181305B5003AFDB3 /* UIImage+Helpers.h */,
				6356FC1A181305B5003AFDB3 /* UIImage+Helpers.m */,
				6356FC541813444E003AFDB3 /* EXQTurnBasedMatchHelper.h */,
				6356FC551813444E003AFDB3 /* EXQTurnBasedMatchHelper.m */,
			);
			name = Utils;
			sourceTree = "<group>";
		};
		63DA228F1813733900FD6BB0 /* Custom Views */ = {
			isa = PBXGroup;
			children = (
				63DA22901813736000FD6BB0 /* EXQCollectionHeaderView.h */,
				63DA22911813736000FD6BB0 /* EXQCollectionHeaderView.m */,
			);
			name = "Custom Views";
			sourceTree = "<group>";
		};
/* End PBXGroup section */

/* Begin PBXNativeTarget section */
		6356FB911812D7FA003AFDB3 /* exquisitecorpose */ = {
			isa = PBXNativeTarget;
			buildConfigurationList = 6356FBCE1812D7FA003AFDB3 /* Build configuration list for PBXNativeTarget "exquisitecorpose" */;
			buildPhases = (
				41940022F5D447B2AA7E064C /* Check Pods Manifest.lock */,
				6356FB8E1812D7FA003AFDB3 /* Sources */,
				6356FB8F1812D7FA003AFDB3 /* Frameworks */,
				6356FB901812D7FA003AFDB3 /* Resources */,
				301ED2A128404D3B8EE0D95F /* Copy Pods Resources */,
			);
			buildRules = (
			);
			dependencies = (
			);
			name = exquisitecorpose;
			productName = exquisitecorpose;
			productReference = 6356FB921812D7FA003AFDB3 /* exquisitecorpose.app */;
			productType = "com.apple.product-type.application";
		};
		6356FBBC1812D7FA003AFDB3 /* exquisitecorposeTests */ = {
			isa = PBXNativeTarget;
			buildConfigurationList = 6356FBD11812D7FA003AFDB3 /* Build configuration list for PBXNativeTarget "exquisitecorposeTests" */;
			buildPhases = (
				6356FBB91812D7FA003AFDB3 /* Sources */,
				6356FBBA1812D7FA003AFDB3 /* Frameworks */,
				6356FBBB1812D7FA003AFDB3 /* Resources */,
			);
			buildRules = (
			);
			dependencies = (
				6356FBC31812D7FA003AFDB3 /* PBXTargetDependency */,
			);
			name = exquisitecorposeTests;
			productName = exquisitecorposeTests;
			productReference = 6356FBBD1812D7FA003AFDB3 /* exquisitecorposeTests.xctest */;
			productType = "com.apple.product-type.bundle.unit-test";
		};
/* End PBXNativeTarget section */

/* Begin PBXProject section */
		6356FB8A1812D7FA003AFDB3 /* Project object */ = {
			isa = PBXProject;
			attributes = {
				CLASSPREFIX = EXQ;
				LastUpgradeCheck = 0500;
				ORGANIZATIONNAME = "Startup Weekend";
				TargetAttributes = {
					6356FB911812D7FA003AFDB3 = {
						DevelopmentTeam = 87ZFCTHS33;
					};
					6356FBBC1812D7FA003AFDB3 = {
						TestTargetID = 6356FB911812D7FA003AFDB3;
					};
				};
			};
			buildConfigurationList = 6356FB8D1812D7FA003AFDB3 /* Build configuration list for PBXProject "exquisitecorpose" */;
			compatibilityVersion = "Xcode 3.2";
			developmentRegion = English;
			hasScannedForEncodings = 0;
			knownRegions = (
				en,
				Base,
			);
			mainGroup = 6356FB891812D7FA003AFDB3;
			productRefGroup = 6356FB931812D7FA003AFDB3 /* Products */;
			projectDirPath = "";
			projectRoot = "";
			targets = (
				6356FB911812D7FA003AFDB3 /* exquisitecorpose */,
				6356FBBC1812D7FA003AFDB3 /* exquisitecorposeTests */,
			);
		};
/* End PBXProject section */

/* Begin PBXResourcesBuildPhase section */
		6356FB901812D7FA003AFDB3 /* Resources */ = {
			isa = PBXResourcesBuildPhase;
			buildActionMask = 2147483647;
			files = (
				6356FC3618130A03003AFDB3 /* download4.jpeg in Resources */,
				6356FC3E18130A03003AFDB3 /* images5.jpeg in Resources */,
				63FE3C93181387EA00C324EA /* automatch.png in Resources */,
				63FE3C94181387EA00C324EA /* automatch@2x.png in Resources */,
				6356FC04181300B3003AFDB3 /* photo-frame.png in Resources */,
				63FE3C82181386DB00C324EA /* draw_icon@2x.png in Resources */,
				6356FC4718130A03003AFDB3 /* download2.jpeg in Resources */,
				6356FC4518130A03003AFDB3 /* images13.jpeg in Resources */,
				6356FC3418130A03003AFDB3 /* download1.jpeg in Resources */,
				6356FC3B18130A03003AFDB3 /* images2.jpeg in Resources */,
				6356FC3C18130A03003AFDB3 /* images3.jpeg in Resources */,
				6356FC3318130A03003AFDB3 /* download.jpeg in Resources */,
				63FE3C97181387EA00C324EA /* pass_play.png in Resources */,
				6356FC3F18130A03003AFDB3 /* images6.jpeg in Resources */,
				6356FC3518130A03003AFDB3 /* download3.jpeg in Resources */,
				6356FC3D18130A03003AFDB3 /* images4.jpeg in Resources */,
				63FE3C96181387EA00C324EA /* findmyfriends@2x.png in Resources */,
				6356FBB81812D7FA003AFDB3 /* Images.xcassets in Resources */,
				63FE3C87181386DB00C324EA /* reveal.png in Resources */,
				6356FBAE1812D7FA003AFDB3 /* Main_iPad.storyboard in Resources */,
				6356FBE81812F968003AFDB3 /* RearViewController.xib in Resources */,
				6356FC3818130A03003AFDB3 /* download6.jpeg in Resources */,
				63FE3C86181386DB00C324EA /* new@2x.png in Resources */,
				63FE3C95181387EA00C324EA /* findmyfriends.png in Resources */,
				6356FC3A18130A03003AFDB3 /* images1.jpeg in Resources */,
				63FE3C98181387EA00C324EA /* pass_play@2x.png in Resources */,
				6356FC4218130A03003AFDB3 /* images9.jpeg in Resources */,
				6356FC4818130A03003AFDB3 /* images10.jpeg in Resources */,
				6356FBAB1812D7FA003AFDB3 /* Main_iPhone.storyboard in Resources */,
				6356FBA21812D7FA003AFDB3 /* InfoPlist.strings in Resources */,
				63FE3C83181386DB00C324EA /* frankendraw__app_icon.png in Resources */,
				63FE3C89181386DB00C324EA /* undo_icon.png in Resources */,
				63FE3C85181386DB00C324EA /* new.png in Resources */,
				63FE3C9A181387EA00C324EA /* Frankendraw_template.png in Resources */,
				63FE3C8A181386DB00C324EA /* undo_icon@2x.png in Resources */,
				63FE3C81181386DB00C324EA /* draw_icon.png in Resources */,
				6356FC3918130A03003AFDB3 /* images.jpeg in Resources */,
				6356FC4418130A03003AFDB3 /* images12.jpeg in Resources */,
				6356FC4318130A03003AFDB3 /* images11.jpeg in Resources */,
				6356FC4018130A03003AFDB3 /* images7.jpeg in Resources */,
				63FE3C7D181386DB00C324EA /* active.png in Resources */,
				63FE3C7E181386DB00C324EA /* active@2x.png in Resources */,
				63FE3C88181386DB00C324EA /* reveal@2x.png in Resources */,
				63FE3C80181386DB00C324EA /* done_icon@2x.png in Resources */,
				63FE3C84181386DB00C324EA /* frankendraw__app_icon@2x.png in Resources */,
				6356FC4118130A03003AFDB3 /* images8.jpeg in Resources */,
				6356FC3718130A03003AFDB3 /* download5.jpeg in Resources */,
				6356FC4618130A03003AFDB3 /* images14.jpeg in Resources */,
				63FE3C99181387EA00C324EA /* Frankendraw_template@2x.png in Resources */,
				63FE3C7F181386DB00C324EA /* done_icon.png in Resources */,
			);
			runOnlyForDeploymentPostprocessing = 0;
		};
		6356FBBB1812D7FA003AFDB3 /* Resources */ = {
			isa = PBXResourcesBuildPhase;
			buildActionMask = 2147483647;
			files = (
				6356FBC91812D7FA003AFDB3 /* InfoPlist.strings in Resources */,
			);
			runOnlyForDeploymentPostprocessing = 0;
		};
/* End PBXResourcesBuildPhase section */

/* Begin PBXShellScriptBuildPhase section */
		301ED2A128404D3B8EE0D95F /* Copy Pods Resources */ = {
			isa = PBXShellScriptBuildPhase;
			buildActionMask = 2147483647;
			files = (
			);
			inputPaths = (
			);
			name = "Copy Pods Resources";
			outputPaths = (
			);
			runOnlyForDeploymentPostprocessing = 0;
			shellPath = /bin/sh;
			shellScript = "\"${SRCROOT}/Pods/Pods-resources.sh\"\n";
			showEnvVarsInLog = 0;
		};
		41940022F5D447B2AA7E064C /* Check Pods Manifest.lock */ = {
			isa = PBXShellScriptBuildPhase;
			buildActionMask = 2147483647;
			files = (
			);
			inputPaths = (
			);
			name = "Check Pods Manifest.lock";
			outputPaths = (
			);
			runOnlyForDeploymentPostprocessing = 0;
			shellPath = /bin/sh;
			shellScript = "diff \"${PODS_ROOT}/../Podfile.lock\" \"${PODS_ROOT}/Manifest.lock\" > /dev/null\nif [[ $? != 0 ]] ; then\n    cat << EOM\nerror: The sandbox is not in sync with the Podfile.lock. Run 'pod install' or update your CocoaPods installation.\nEOM\n    exit 1\nfi\n";
			showEnvVarsInLog = 0;
		};
/* End PBXShellScriptBuildPhase section */

/* Begin PBXSourcesBuildPhase section */
		6356FB8E1812D7FA003AFDB3 /* Sources */ = {
			isa = PBXSourcesBuildPhase;
			buildActionMask = 2147483647;
			files = (
				6356FC1C181305B5003AFDB3 /* UIImage+Helpers.m in Sources */,
				6356FBB11812D7FA003AFDB3 /* EXQViewController.m in Sources */,
				6356FBD61812E1B5003AFDB3 /* EXQBaseViewController.m in Sources */,
				0353960F1812DC5E00CFCACC /* EXQDrawingState.m in Sources */,
				6356FBB41812D7FA003AFDB3 /* EXQMyScene.m in Sources */,
				6356FC5118132971003AFDB3 /* EXQShareViewController.m in Sources */,
				63DA22921813736000FD6BB0 /* EXQCollectionHeaderView.m in Sources */,
				63DA229518137EC300FD6BB0 /* EXQConf.m in Sources */,
				6356FC4E1813285E003AFDB3 /* EXQNewGameViewController.m in Sources */,
				6356FC561813444E003AFDB3 /* EXQTurnBasedMatchHelper.m in Sources */,
				6356FBE71812F968003AFDB3 /* RearViewController.m in Sources */,
				6356FBA41812D7FA003AFDB3 /* main.m in Sources */,
				6356FBF01813005A003AFDB3 /* EXQGameCollectionViewController.m in Sources */,
				0353960C1812DBEF00CFCACC /* EXQCanvas.m in Sources */,
				6356FBDD1812E2DE003AFDB3 /* EXQMainGameViewController.m in Sources */,
				6356FBE01812F427003AFDB3 /* EXQSketchView.m in Sources */,
				6356FBE31812F469003AFDB3 /* EXQSketchViewController.m in Sources */,
				035396161813324200CFCACC /* EXQGameState.m in Sources */,
				6356FBA81812D7FA003AFDB3 /* EXQAppDelegate.m in Sources */,
				6356FC4B18132232003AFDB3 /* EXQMainCollectionViewController.m in Sources */,
				63DA228E1813580D00FD6BB0 /* EXQFriendsViewController.m in Sources */,
				6356FC1B181305B5003AFDB3 /* UIView+Utilities.m in Sources */,
			);
			runOnlyForDeploymentPostprocessing = 0;
		};
		6356FBB91812D7FA003AFDB3 /* Sources */ = {
			isa = PBXSourcesBuildPhase;
			buildActionMask = 2147483647;
			files = (
				6356FBCB1812D7FA003AFDB3 /* exquisitecorposeTests.m in Sources */,
			);
			runOnlyForDeploymentPostprocessing = 0;
		};
/* End PBXSourcesBuildPhase section */

/* Begin PBXTargetDependency section */
		6356FBC31812D7FA003AFDB3 /* PBXTargetDependency */ = {
			isa = PBXTargetDependency;
			target = 6356FB911812D7FA003AFDB3 /* exquisitecorpose */;
			targetProxy = 6356FBC21812D7FA003AFDB3 /* PBXContainerItemProxy */;
		};
/* End PBXTargetDependency section */

/* Begin PBXVariantGroup section */
		6356FBA01812D7FA003AFDB3 /* InfoPlist.strings */ = {
			isa = PBXVariantGroup;
			children = (
				6356FBA11812D7FA003AFDB3 /* en */,
			);
			name = InfoPlist.strings;
			sourceTree = "<group>";
		};
		6356FBA91812D7FA003AFDB3 /* Main_iPhone.storyboard */ = {
			isa = PBXVariantGroup;
			children = (
				6356FBAA1812D7FA003AFDB3 /* Base */,
			);
			name = Main_iPhone.storyboard;
			sourceTree = "<group>";
		};
		6356FBAC1812D7FA003AFDB3 /* Main_iPad.storyboard */ = {
			isa = PBXVariantGroup;
			children = (
				6356FBAD1812D7FA003AFDB3 /* Base */,
			);
			name = Main_iPad.storyboard;
			sourceTree = "<group>";
		};
		6356FBC71812D7FA003AFDB3 /* InfoPlist.strings */ = {
			isa = PBXVariantGroup;
			children = (
				6356FBC81812D7FA003AFDB3 /* en */,
			);
			name = InfoPlist.strings;
			sourceTree = "<group>";
		};
/* End PBXVariantGroup section */

/* Begin XCBuildConfiguration section */
		6356FBCC1812D7FA003AFDB3 /* Debug */ = {
			isa = XCBuildConfiguration;
			buildSettings = {
				ALWAYS_SEARCH_USER_PATHS = NO;
				ARCHS = "$(ARCHS_STANDARD_INCLUDING_64_BIT)";
				CLANG_CXX_LANGUAGE_STANDARD = "gnu++0x";
				CLANG_CXX_LIBRARY = "libc++";
				CLANG_ENABLE_MODULES = YES;
				CLANG_ENABLE_OBJC_ARC = YES;
				CLANG_WARN_BOOL_CONVERSION = YES;
				CLANG_WARN_CONSTANT_CONVERSION = YES;
				CLANG_WARN_DIRECT_OBJC_ISA_USAGE = YES_ERROR;
				CLANG_WARN_EMPTY_BODY = YES;
				CLANG_WARN_ENUM_CONVERSION = YES;
				CLANG_WARN_INT_CONVERSION = YES;
				CLANG_WARN_OBJC_ROOT_CLASS = YES_ERROR;
				CLANG_WARN__DUPLICATE_METHOD_MATCH = YES;
				"CODE_SIGN_IDENTITY[sdk=iphoneos*]" = "iPhone Developer";
				COPY_PHASE_STRIP = NO;
				GCC_C_LANGUAGE_STANDARD = gnu99;
				GCC_DYNAMIC_NO_PIC = NO;
				GCC_OPTIMIZATION_LEVEL = 0;
				GCC_PREPROCESSOR_DEFINITIONS = (
					"DEBUG=1",
					"$(inherited)",
				);
				GCC_SYMBOLS_PRIVATE_EXTERN = NO;
				GCC_WARN_64_TO_32_BIT_CONVERSION = YES;
				GCC_WARN_ABOUT_RETURN_TYPE = YES_ERROR;
				GCC_WARN_UNDECLARED_SELECTOR = YES;
				GCC_WARN_UNINITIALIZED_AUTOS = YES;
				GCC_WARN_UNUSED_FUNCTION = YES;
				GCC_WARN_UNUSED_VARIABLE = YES;
				IPHONEOS_DEPLOYMENT_TARGET = 7.0;
				ONLY_ACTIVE_ARCH = YES;
				SDKROOT = iphoneos;
				TARGETED_DEVICE_FAMILY = "1,2";
			};
			name = Debug;
		};
		6356FBCD1812D7FA003AFDB3 /* Release */ = {
			isa = XCBuildConfiguration;
			buildSettings = {
				ALWAYS_SEARCH_USER_PATHS = NO;
				ARCHS = "$(ARCHS_STANDARD_INCLUDING_64_BIT)";
				CLANG_CXX_LANGUAGE_STANDARD = "gnu++0x";
				CLANG_CXX_LIBRARY = "libc++";
				CLANG_ENABLE_MODULES = YES;
				CLANG_ENABLE_OBJC_ARC = YES;
				CLANG_WARN_BOOL_CONVERSION = YES;
				CLANG_WARN_CONSTANT_CONVERSION = YES;
				CLANG_WARN_DIRECT_OBJC_ISA_USAGE = YES_ERROR;
				CLANG_WARN_EMPTY_BODY = YES;
				CLANG_WARN_ENUM_CONVERSION = YES;
				CLANG_WARN_INT_CONVERSION = YES;
				CLANG_WARN_OBJC_ROOT_CLASS = YES_ERROR;
				CLANG_WARN__DUPLICATE_METHOD_MATCH = YES;
				"CODE_SIGN_IDENTITY[sdk=iphoneos*]" = "iPhone Developer";
				COPY_PHASE_STRIP = YES;
				ENABLE_NS_ASSERTIONS = NO;
				GCC_C_LANGUAGE_STANDARD = gnu99;
				GCC_WARN_64_TO_32_BIT_CONVERSION = YES;
				GCC_WARN_ABOUT_RETURN_TYPE = YES_ERROR;
				GCC_WARN_UNDECLARED_SELECTOR = YES;
				GCC_WARN_UNINITIALIZED_AUTOS = YES;
				GCC_WARN_UNUSED_FUNCTION = YES;
				GCC_WARN_UNUSED_VARIABLE = YES;
				IPHONEOS_DEPLOYMENT_TARGET = 7.0;
				SDKROOT = iphoneos;
				TARGETED_DEVICE_FAMILY = "1,2";
				VALIDATE_PRODUCT = YES;
			};
			name = Release;
		};
		6356FBCF1812D7FA003AFDB3 /* Debug */ = {
			isa = XCBuildConfiguration;
			baseConfigurationReference = 4DF7EE3C56BF47EBAE4D2E5A /* Pods.xcconfig */;
			buildSettings = {
				ASSETCATALOG_COMPILER_APPICON_NAME = AppIcon;
				ASSETCATALOG_COMPILER_LAUNCHIMAGE_NAME = LaunchImage;
				CODE_SIGN_IDENTITY = "iPhone Developer";
				"CODE_SIGN_IDENTITY[sdk=iphoneos*]" = "iPhone Developer";
				GCC_PRECOMPILE_PREFIX_HEADER = YES;
				GCC_PREFIX_HEADER = "exquisitecorpose/exquisitecorpose-Prefix.pch";
				INFOPLIST_FILE = "exquisitecorpose/exquisitecorpose-Info.plist";
				PRODUCT_NAME = "$(TARGET_NAME)";
				PROVISIONING_PROFILE = "";
				SPRITEKIT_TEXTURE_ATLAS_OUTPUT = YES;
				WRAPPER_EXTENSION = app;
			};
			name = Debug;
		};
		6356FBD01812D7FA003AFDB3 /* Release */ = {
			isa = XCBuildConfiguration;
			baseConfigurationReference = 4DF7EE3C56BF47EBAE4D2E5A /* Pods.xcconfig */;
			buildSettings = {
				ASSETCATALOG_COMPILER_APPICON_NAME = AppIcon;
				ASSETCATALOG_COMPILER_LAUNCHIMAGE_NAME = LaunchImage;
				CODE_SIGN_IDENTITY = "iPhone Developer";
				"CODE_SIGN_IDENTITY[sdk=iphoneos*]" = "iPhone Developer";
				GCC_PRECOMPILE_PREFIX_HEADER = YES;
				GCC_PREFIX_HEADER = "exquisitecorpose/exquisitecorpose-Prefix.pch";
				INFOPLIST_FILE = "exquisitecorpose/exquisitecorpose-Info.plist";
				PRODUCT_NAME = "$(TARGET_NAME)";
				PROVISIONING_PROFILE = "";
				SPRITEKIT_TEXTURE_ATLAS_OUTPUT = YES;
				WRAPPER_EXTENSION = app;
			};
			name = Release;
		};
		6356FBD21812D7FA003AFDB3 /* Debug */ = {
			isa = XCBuildConfiguration;
			buildSettings = {
				ARCHS = "$(ARCHS_STANDARD_INCLUDING_64_BIT)";
				BUNDLE_LOADER = "$(BUILT_PRODUCTS_DIR)/exquisitecorpose.app/exquisitecorpose";
				FRAMEWORK_SEARCH_PATHS = (
					"$(SDKROOT)/Developer/Library/Frameworks",
					"$(inherited)",
					"$(DEVELOPER_FRAMEWORKS_DIR)",
				);
				GCC_PRECOMPILE_PREFIX_HEADER = YES;
				GCC_PREFIX_HEADER = "exquisitecorpose/exquisitecorpose-Prefix.pch";
				GCC_PREPROCESSOR_DEFINITIONS = (
					"DEBUG=1",
					"$(inherited)",
				);
				INFOPLIST_FILE = "exquisitecorposeTests/exquisitecorposeTests-Info.plist";
				PRODUCT_NAME = "$(TARGET_NAME)";
				TEST_HOST = "$(BUNDLE_LOADER)";
				WRAPPER_EXTENSION = xctest;
			};
			name = Debug;
		};
		6356FBD31812D7FA003AFDB3 /* Release */ = {
			isa = XCBuildConfiguration;
			buildSettings = {
				ARCHS = "$(ARCHS_STANDARD_INCLUDING_64_BIT)";
				BUNDLE_LOADER = "$(BUILT_PRODUCTS_DIR)/exquisitecorpose.app/exquisitecorpose";
				FRAMEWORK_SEARCH_PATHS = (
					"$(SDKROOT)/Developer/Library/Frameworks",
					"$(inherited)",
					"$(DEVELOPER_FRAMEWORKS_DIR)",
				);
				GCC_PRECOMPILE_PREFIX_HEADER = YES;
				GCC_PREFIX_HEADER = "exquisitecorpose/exquisitecorpose-Prefix.pch";
				INFOPLIST_FILE = "exquisitecorposeTests/exquisitecorposeTests-Info.plist";
				PRODUCT_NAME = "$(TARGET_NAME)";
				TEST_HOST = "$(BUNDLE_LOADER)";
				WRAPPER_EXTENSION = xctest;
			};
			name = Release;
		};
/* End XCBuildConfiguration section */

/* Begin XCConfigurationList section */
		6356FB8D1812D7FA003AFDB3 /* Build configuration list for PBXProject "exquisitecorpose" */ = {
			isa = XCConfigurationList;
			buildConfigurations = (
				6356FBCC1812D7FA003AFDB3 /* Debug */,
				6356FBCD1812D7FA003AFDB3 /* Release */,
			);
			defaultConfigurationIsVisible = 0;
			defaultConfigurationName = Release;
		};
		6356FBCE1812D7FA003AFDB3 /* Build configuration list for PBXNativeTarget "exquisitecorpose" */ = {
			isa = XCConfigurationList;
			buildConfigurations = (
				6356FBCF1812D7FA003AFDB3 /* Debug */,
				6356FBD01812D7FA003AFDB3 /* Release */,
			);
			defaultConfigurationIsVisible = 0;
			defaultConfigurationName = Release;
		};
		6356FBD11812D7FA003AFDB3 /* Build configuration list for PBXNativeTarget "exquisitecorposeTests" */ = {
			isa = XCConfigurationList;
			buildConfigurations = (
				6356FBD21812D7FA003AFDB3 /* Debug */,
				6356FBD31812D7FA003AFDB3 /* Release */,
			);
			defaultConfigurationIsVisible = 0;
			defaultConfigurationName = Release;
		};
/* End XCConfigurationList section */
	};
	rootObject = 6356FB8A1812D7FA003AFDB3 /* Project object */;
}
